
Microsoft Visual Studio Solution File, Format Version 12.00
# Visual Studio 15
VisualStudioVersion = 15.0.28307.106
MinimumVisualStudioVersion = 10.0.40219.1
Project("{9A19103F-16F7-4668-BE54-9A1E7A4F7556}") = "Library", "Library\Library.csproj", "{B911BBA2-5EA8-4C84-92CD-4CF823DAFEDF}"
EndProject
Project("{9A19103F-16F7-4668-BE54-9A1E7A4F7556}") = "LibraryData", "LibraryData\LibraryData.csproj", "{2AE6E338-4B0A-4A00-96EF-BB5B31B0D4B2}"
EndProject
Project("{9A19103F-16F7-4668-BE54-9A1E7A4F7556}") = "LibraryServices", "LibraryServices\LibraryServices.csproj", "{2708D6A7-D485-4759-8ED8-3596B12EFB1E}"
EndProject
Global
	GlobalSection(SolutionConfigurationPlatforms) = preSolution
		Debug|Any CPU = Debug|Any CPU
		Release|Any CPU = Release|Any CPU
	EndGlobalSection
	GlobalSection(ProjectConfigurationPlatforms) = postSolution
		{B911BBA2-5EA8-4C84-92CD-4CF823DAFEDF}.Debug|Any CPU.ActiveCfg = Debug|Any CPU
		{B911BBA2-5EA8-4C84-92CD-4CF823DAFEDF}.Debug|Any CPU.Build.0 = Debug|Any CPU
		{B911BBA2-5EA8-4C84-92CD-4CF823DAFEDF}.Release|Any CPU.ActiveCfg = Release|Any CPU
		{B911BBA2-5EA8-4C84-92CD-4CF823DAFEDF}.Release|Any CPU.Build.0 = Release|Any CPU
		{2AE6E338-4B0A-4A00-96EF-BB5B31B0D4B2}.Debug|Any CPU.ActiveCfg = Debug|Any CPU
		{2AE6E338-4B0A-4A00-96EF-BB5B31B0D4B2}.Debug|Any CPU.Build.0 = Debug|Any CPU
		{2AE6E338-4B0A-4A00-96EF-BB5B31B0D4B2}.Release|Any CPU.ActiveCfg = Release|Any CPU
		{2AE6E338-4B0A-4A00-96EF-BB5B31B0D4B2}.Release|Any CPU.Build.0 = Release|Any CPU
		{2708D6A7-D485-4759-8ED8-3596B12EFB1E}.Debug|Any CPU.ActiveCfg = Debug|Any CPU
		{2708D6A7-D485-4759-8ED8-3596B12EFB1E}.Debug|Any CPU.Build.0 = Debug|Any CPU
		{2708D6A7-D485-4759-8ED8-3596B12EFB1E}.Release|Any CPU.ActiveCfg = Release|Any CPU
		{2708D6A7-D485-4759-8ED8-3596B12EFB1E}.Release|Any CPU.Build.0 = Release|Any CPU
	EndGlobalSection
	GlobalSection(SolutionProperties) = preSolution
		HideSolutionNode = FALSE
	EndGlobalSection
	GlobalSection(ExtensibilityGlobals) = postSolution
		SolutionGuid = {3D1269EC-E352-45F0-83C1-370BE3EDCFF4}
	EndGlobalSection
EndGlobal
